
Microsoft Visual Studio Solution File, Format Version 12.00
# Visual Studio Version 17
VisualStudioVersion = 17.2.32630.192
MinimumVisualStudioVersion = 10.0.40219.1
Project("{FAE04EC0-301F-11D3-BF4B-00C04F79EFBC}") = "MessageAppProject", "MessageAppProject\MessageAppProject.csproj", "{75C3D6A2-1522-4CDC-8169-A1D8EC2F5139}"
EndProject
Global
	GlobalSection(SolutionConfigurationPlatforms) = preSolution
		Debug|Any CPU = Debug|Any CPU
		Release|Any CPU = Release|Any CPU
	EndGlobalSection
	GlobalSection(ProjectConfigurationPlatforms) = postSolution
		{75C3D6A2-1522-4CDC-8169-A1D8EC2F5139}.Debug|Any CPU.ActiveCfg = Debug|Any CPU
		{75C3D6A2-1522-4CDC-8169-A1D8EC2F5139}.Debug|Any CPU.Build.0 = Debug|Any CPU
		{75C3D6A2-1522-4CDC-8169-A1D8EC2F5139}.Release|Any CPU.ActiveCfg = Release|Any CPU
		{75C3D6A2-1522-4CDC-8169-A1D8EC2F5139}.Release|Any CPU.Build.0 = Release|Any CPU
	EndGlobalSection
	GlobalSection(SolutionProperties) = preSolution
		HideSolutionNode = FALSE
	EndGlobalSection
	GlobalSection(ExtensibilityGlobals) = postSolution
		SolutionGuid = {8E4D55E7-8D73-4FB4-9955-19B05E52737F}
	EndGlobalSection
EndGlobal
